
Microsoft Visual Studio Solution File, Format Version 12.00
# Visual Studio 15
VisualStudioVersion = 15.0.27130.2027
MinimumVisualStudioVersion = 10.0.40219.1
Project("{9A19103F-16F7-4668-BE54-9A1E7A4F7556}") = "Scoreboard.Functions", "Scoreboard.Functions\Scoreboard.Functions.csproj", "{DA386C1D-BF8E-432E-A75A-D6F76980AE63}"
EndProject
Project("{9A19103F-16F7-4668-BE54-9A1E7A4F7556}") = "Scoreboard.Website", "Scoreboard.Website\Scoreboard.Website.csproj", "{6C2BD293-4FE9-456D-9D90-1140E89A8683}"
EndProject
Project("{9A19103F-16F7-4668-BE54-9A1E7A4F7556}") = "Scoreboard.Common", "Scoreboard.Common\Scoreboard.Common.csproj", "{C69FFDCD-E4B9-4E70-822D-79FB46F2ACBA}"
EndProject
Project("{2150E333-8FDC-42A3-9474-1A3956D46DE8}") = "Solution Items", "Solution Items", "{CB07EB0B-E667-42C5-BA73-7B7EFE8EC8B9}"
	ProjectSection(SolutionItems) = preProject
		..\azure-pipelines.yml = ..\azure-pipelines.yml
		..\README.md = ..\README.md
	EndProjectSection
EndProject
Global
	GlobalSection(SolutionConfigurationPlatforms) = preSolution
		Debug|Any CPU = Debug|Any CPU
		Release|Any CPU = Release|Any CPU
	EndGlobalSection
	GlobalSection(ProjectConfigurationPlatforms) = postSolution
		{DA386C1D-BF8E-432E-A75A-D6F76980AE63}.Debug|Any CPU.ActiveCfg = Debug|Any CPU
		{DA386C1D-BF8E-432E-A75A-D6F76980AE63}.Release|Any CPU.ActiveCfg = Release|Any CPU
		{DA386C1D-BF8E-432E-A75A-D6F76980AE63}.Release|Any CPU.Build.0 = Release|Any CPU
		{6C2BD293-4FE9-456D-9D90-1140E89A8683}.Debug|Any CPU.ActiveCfg = Debug|Any CPU
		{6C2BD293-4FE9-456D-9D90-1140E89A8683}.Debug|Any CPU.Build.0 = Debug|Any CPU
		{6C2BD293-4FE9-456D-9D90-1140E89A8683}.Release|Any CPU.ActiveCfg = Release|Any CPU
		{6C2BD293-4FE9-456D-9D90-1140E89A8683}.Release|Any CPU.Build.0 = Release|Any CPU
		{C69FFDCD-E4B9-4E70-822D-79FB46F2ACBA}.Debug|Any CPU.ActiveCfg = Debug|Any CPU
		{C69FFDCD-E4B9-4E70-822D-79FB46F2ACBA}.Debug|Any CPU.Build.0 = Debug|Any CPU
		{C69FFDCD-E4B9-4E70-822D-79FB46F2ACBA}.Release|Any CPU.ActiveCfg = Release|Any CPU
		{C69FFDCD-E4B9-4E70-822D-79FB46F2ACBA}.Release|Any CPU.Build.0 = Release|Any CPU
	EndGlobalSection
	GlobalSection(SolutionProperties) = preSolution
		HideSolutionNode = FALSE
	EndGlobalSection
	GlobalSection(ExtensibilityGlobals) = postSolution
		SolutionGuid = {D5C9E45A-03BE-4432-BD58-037D11EA719A}
	EndGlobalSection
EndGlobal
